// !$*UTF8*$!
{
	archiveVersion = 1;
	classes = {
	};
	objectVersion = 50;
	objects = {

/* Begin PBXBuildFile section */
		C698D9802543B2ED006F881E /* AnimalModel.swift in Sources */ = {isa = PBXBuildFile; fileRef = C698D97F2543B2ED006F881E /* AnimalModel.swift */; };
		C698D9832543B8D8006F881E /* AnimalDetailView.swift in Sources */ = {isa = PBXBuildFile; fileRef = C698D9822543B8D8006F881E /* AnimalDetailView.swift */; };
		C698D9862543EA09006F881E /* HeadingView.swift in Sources */ = {isa = PBXBuildFile; fileRef = C698D9852543EA09006F881E /* HeadingView.swift */; };
		C698D9892543EC67006F881E /* InsetGalleryView.swift in Sources */ = {isa = PBXBuildFile; fileRef = C698D9882543EC67006F881E /* InsetGalleryView.swift */; };
		C698D98C25445926006F881E /* InsetFactView.swift in Sources */ = {isa = PBXBuildFile; fileRef = C698D98B25445926006F881E /* InsetFactView.swift */; };
		C698D98F25445CC1006F881E /* InsertMapView.swift in Sources */ = {isa = PBXBuildFile; fileRef = C698D98E25445CC1006F881E /* InsertMapView.swift */; };
		C698D992254460C2006F881E /* ExternalLinkView.swift in Sources */ = {isa = PBXBuildFile; fileRef = C698D991254460C2006F881E /* ExternalLinkView.swift */; };
		C698D9952544F254006F881E /* VideoModel.swift in Sources */ = {isa = PBXBuildFile; fileRef = C698D9942544F254006F881E /* VideoModel.swift */; };
		C698D9982544F2C7006F881E /* VideoListItemView.swift in Sources */ = {isa = PBXBuildFile; fileRef = C698D9972544F2C7006F881E /* VideoListItemView.swift */; };
		C6A0E4A325429856004BBD0B /* CoverImageModel.swift in Sources */ = {isa = PBXBuildFile; fileRef = C6A0E4A225429856004BBD0B /* CoverImageModel.swift */; };
		C6A0E4A825430836004BBD0B /* CodableBundleExtension.swift in Sources */ = {isa = PBXBuildFile; fileRef = C6A0E4A725430836004BBD0B /* CodableBundleExtension.swift */; };
		C6A95D6E25430FCA00C4EBB7 /* AnimalListItemView.swift in Sources */ = {isa = PBXBuildFile; fileRef = C6A95D6D25430FCA00C4EBB7 /* AnimalListItemView.swift */; };
		C6AF1B2425429407009440FF /* CoverImageView.swift in Sources */ = {isa = PBXBuildFile; fileRef = C6AF1B2325429407009440FF /* CoverImageView.swift */; };
		C6D5287825470A1400A3A1E3 /* LocationModel.swift in Sources */ = {isa = PBXBuildFile; fileRef = C6D5287725470A1400A3A1E3 /* LocationModel.swift */; };
		C6D7F9E52545B06300C7E8E2 /* VideoPlayerView.swift in Sources */ = {isa = PBXBuildFile; fileRef = C6D7F9E42545B06300C7E8E2 /* VideoPlayerView.swift */; };
		C6D7F9E92545B2A700C7E8E2 /* VideoPlayerHelper.swift in Sources */ = {isa = PBXBuildFile; fileRef = C6D7F9E82545B2A700C7E8E2 /* VideoPlayerHelper.swift */; };
		C6DAF7472541BC1F00E95827 /* AfricaApp.swift in Sources */ = {isa = PBXBuildFile; fileRef = C6DAF7462541BC1F00E95827 /* AfricaApp.swift */; };
		C6DAF7492541BC1F00E95827 /* ContentView.swift in Sources */ = {isa = PBXBuildFile; fileRef = C6DAF7482541BC1F00E95827 /* ContentView.swift */; };
		C6DAF74B2541BC2100E95827 /* Assets.xcassets in Resources */ = {isa = PBXBuildFile; fileRef = C6DAF74A2541BC2100E95827 /* Assets.xcassets */; };
		C6DAF74E2541BC2100E95827 /* Preview Assets.xcassets in Resources */ = {isa = PBXBuildFile; fileRef = C6DAF74D2541BC2100E95827 /* Preview Assets.xcassets */; };
		C6DAF7612541BF2E00E95827 /* hippo.mp4 in Resources */ = {isa = PBXBuildFile; fileRef = C6DAF7572541BF2A00E95827 /* hippo.mp4 */; };
		C6DAF7622541BF2E00E95827 /* cheetah.mp4 in Resources */ = {isa = PBXBuildFile; fileRef = C6DAF7582541BF2A00E95827 /* cheetah.mp4 */; };
		C6DAF7632541BF2E00E95827 /* giraffe.mp4 in Resources */ = {isa = PBXBuildFile; fileRef = C6DAF7592541BF2B00E95827 /* giraffe.mp4 */; };
		C6DAF7642541BF2E00E95827 /* elephant.mp4 in Resources */ = {isa = PBXBuildFile; fileRef = C6DAF75A2541BF2B00E95827 /* elephant.mp4 */; };
		C6DAF7652541BF2E00E95827 /* lioness.mp4 in Resources */ = {isa = PBXBuildFile; fileRef = C6DAF75B2541BF2C00E95827 /* lioness.mp4 */; };
		C6DAF7662541BF2E00E95827 /* ostrich.mp4 in Resources */ = {isa = PBXBuildFile; fileRef = C6DAF75C2541BF2D00E95827 /* ostrich.mp4 */; };
		C6DAF7672541BF2E00E95827 /* gorilla.mp4 in Resources */ = {isa = PBXBuildFile; fileRef = C6DAF75D2541BF2D00E95827 /* gorilla.mp4 */; };
		C6DAF7682541BF2E00E95827 /* lion.mp4 in Resources */ = {isa = PBXBuildFile; fileRef = C6DAF75E2541BF2D00E95827 /* lion.mp4 */; };
		C6DAF7692541BF2E00E95827 /* rhino.mp4 in Resources */ = {isa = PBXBuildFile; fileRef = C6DAF75F2541BF2E00E95827 /* rhino.mp4 */; };
		C6DAF76A2541BF2E00E95827 /* zebra.mp4 in Resources */ = {isa = PBXBuildFile; fileRef = C6DAF7602541BF2E00E95827 /* zebra.mp4 */; };
		C6DAF7722541BFA300E95827 /* locations.json in Resources */ = {isa = PBXBuildFile; fileRef = C6DAF76E2541BFA300E95827 /* locations.json */; };
		C6DAF7732541BFA300E95827 /* covers.json in Resources */ = {isa = PBXBuildFile; fileRef = C6DAF76F2541BFA300E95827 /* covers.json */; };
		C6DAF7742541BFA300E95827 /* animals.json in Resources */ = {isa = PBXBuildFile; fileRef = C6DAF7702541BFA300E95827 /* animals.json */; };
		C6DAF7752541BFA300E95827 /* videos.json in Resources */ = {isa = PBXBuildFile; fileRef = C6DAF7712541BFA300E95827 /* videos.json */; };
		C6DAF77A2541C29D00E95827 /* VideoListView.swift in Sources */ = {isa = PBXBuildFile; fileRef = C6DAF7792541C29D00E95827 /* VideoListView.swift */; };
		C6DAF77D2541C2DC00E95827 /* MapView.swift in Sources */ = {isa = PBXBuildFile; fileRef = C6DAF77C2541C2DC00E95827 /* MapView.swift */; };
		C6DAF7802541C30600E95827 /* GalleryView.swift in Sources */ = {isa = PBXBuildFile; fileRef = C6DAF77F2541C30600E95827 /* GalleryView.swift */; };
		C6DAF7832541C38100E95827 /* MainView.swift in Sources */ = {isa = PBXBuildFile; fileRef = C6DAF7822541C38100E95827 /* MainView.swift */; };
/* End PBXBuildFile section */

/* Begin PBXFileReference section */
		C698D97F2543B2ED006F881E /* AnimalModel.swift */ = {isa = PBXFileReference; lastKnownFileType = sourcecode.swift; path = AnimalModel.swift; sourceTree = "<group>"; };
		C698D9822543B8D8006F881E /* AnimalDetailView.swift */ = {isa = PBXFileReference; lastKnownFileType = sourcecode.swift; path = AnimalDetailView.swift; sourceTree = "<group>"; };
		C698D9852543EA09006F881E /* HeadingView.swift */ = {isa = PBXFileReference; lastKnownFileType = sourcecode.swift; path = HeadingView.swift; sourceTree = "<group>"; };
		C698D9882543EC67006F881E /* InsetGalleryView.swift */ = {isa = PBXFileReference; lastKnownFileType = sourcecode.swift; path = InsetGalleryView.swift; sourceTree = "<group>"; };
		C698D98B25445926006F881E /* InsetFactView.swift */ = {isa = PBXFileReference; lastKnownFileType = sourcecode.swift; path = InsetFactView.swift; sourceTree = "<group>"; };
		C698D98E25445CC1006F881E /* InsertMapView.swift */ = {isa = PBXFileReference; lastKnownFileType = sourcecode.swift; path = InsertMapView.swift; sourceTree = "<group>"; };
		C698D991254460C2006F881E /* ExternalLinkView.swift */ = {isa = PBXFileReference; lastKnownFileType = sourcecode.swift; path = ExternalLinkView.swift; sourceTree = "<group>"; };
		C698D9942544F254006F881E /* VideoModel.swift */ = {isa = PBXFileReference; lastKnownFileType = sourcecode.swift; path = VideoModel.swift; sourceTree = "<group>"; };
		C698D9972544F2C7006F881E /* VideoListItemView.swift */ = {isa = PBXFileReference; lastKnownFileType = sourcecode.swift; path = VideoListItemView.swift; sourceTree = "<group>"; };
		C6A0E4A225429856004BBD0B /* CoverImageModel.swift */ = {isa = PBXFileReference; lastKnownFileType = sourcecode.swift; path = CoverImageModel.swift; sourceTree = "<group>"; };
		C6A0E4A725430836004BBD0B /* CodableBundleExtension.swift */ = {isa = PBXFileReference; lastKnownFileType = sourcecode.swift; path = CodableBundleExtension.swift; sourceTree = "<group>"; };
		C6A95D6D25430FCA00C4EBB7 /* AnimalListItemView.swift */ = {isa = PBXFileReference; lastKnownFileType = sourcecode.swift; path = AnimalListItemView.swift; sourceTree = "<group>"; };
		C6AF1B2325429407009440FF /* CoverImageView.swift */ = {isa = PBXFileReference; lastKnownFileType = sourcecode.swift; path = CoverImageView.swift; sourceTree = "<group>"; };
		C6D5287725470A1400A3A1E3 /* LocationModel.swift */ = {isa = PBXFileReference; lastKnownFileType = sourcecode.swift; path = LocationModel.swift; sourceTree = "<group>"; };
		C6D7F9E42545B06300C7E8E2 /* VideoPlayerView.swift */ = {isa = PBXFileReference; lastKnownFileType = sourcecode.swift; path = VideoPlayerView.swift; sourceTree = "<group>"; };
		C6D7F9E82545B2A700C7E8E2 /* VideoPlayerHelper.swift */ = {isa = PBXFileReference; lastKnownFileType = sourcecode.swift; path = VideoPlayerHelper.swift; sourceTree = "<group>"; };
		C6DAF7432541BC1F00E95827 /* Africa.app */ = {isa = PBXFileReference; explicitFileType = wrapper.application; includeInIndex = 0; path = Africa.app; sourceTree = BUILT_PRODUCTS_DIR; };
		C6DAF7462541BC1F00E95827 /* AfricaApp.swift */ = {isa = PBXFileReference; lastKnownFileType = sourcecode.swift; path = AfricaApp.swift; sourceTree = "<group>"; };
		C6DAF7482541BC1F00E95827 /* ContentView.swift */ = {isa = PBXFileReference; lastKnownFileType = sourcecode.swift; path = ContentView.swift; sourceTree = "<group>"; };
		C6DAF74A2541BC2100E95827 /* Assets.xcassets */ = {isa = PBXFileReference; lastKnownFileType = folder.assetcatalog; path = Assets.xcassets; sourceTree = "<group>"; };
		C6DAF74D2541BC2100E95827 /* Preview Assets.xcassets */ = {isa = PBXFileReference; lastKnownFileType = folder.assetcatalog; path = "Preview Assets.xcassets"; sourceTree = "<group>"; };
		C6DAF74F2541BC2100E95827 /* Info.plist */ = {isa = PBXFileReference; lastKnownFileType = text.plist.xml; path = Info.plist; sourceTree = "<group>"; };
		C6DAF7572541BF2A00E95827 /* hippo.mp4 */ = {isa = PBXFileReference; lastKnownFileType = file; path = hippo.mp4; sourceTree = "<group>"; };
		C6DAF7582541BF2A00E95827 /* cheetah.mp4 */ = {isa = PBXFileReference; lastKnownFileType = file; path = cheetah.mp4; sourceTree = "<group>"; };
		C6DAF7592541BF2B00E95827 /* giraffe.mp4 */ = {isa = PBXFileReference; lastKnownFileType = file; path = giraffe.mp4; sourceTree = "<group>"; };
		C6DAF75A2541BF2B00E95827 /* elephant.mp4 */ = {isa = PBXFileReference; lastKnownFileType = file; path = elephant.mp4; sourceTree = "<group>"; };
		C6DAF75B2541BF2C00E95827 /* lioness.mp4 */ = {isa = PBXFileReference; lastKnownFileType = file; path = lioness.mp4; sourceTree = "<group>"; };
		C6DAF75C2541BF2D00E95827 /* ostrich.mp4 */ = {isa = PBXFileReference; lastKnownFileType = file; path = ostrich.mp4; sourceTree = "<group>"; };
		C6DAF75D2541BF2D00E95827 /* gorilla.mp4 */ = {isa = PBXFileReference; lastKnownFileType = file; path = gorilla.mp4; sourceTree = "<group>"; };
		C6DAF75E2541BF2D00E95827 /* lion.mp4 */ = {isa = PBXFileReference; lastKnownFileType = file; path = lion.mp4; sourceTree = "<group>"; };
		C6DAF75F2541BF2E00E95827 /* rhino.mp4 */ = {isa = PBXFileReference; lastKnownFileType = file; path = rhino.mp4; sourceTree = "<group>"; };
		C6DAF7602541BF2E00E95827 /* zebra.mp4 */ = {isa = PBXFileReference; lastKnownFileType = file; path = zebra.mp4; sourceTree = "<group>"; };
		C6DAF76E2541BFA300E95827 /* locations.json */ = {isa = PBXFileReference; fileEncoding = 4; lastKnownFileType = text.json; path = locations.json; sourceTree = "<group>"; };
		C6DAF76F2541BFA300E95827 /* covers.json */ = {isa = PBXFileReference; fileEncoding = 4; lastKnownFileType = text.json; path = covers.json; sourceTree = "<group>"; };
		C6DAF7702541BFA300E95827 /* animals.json */ = {isa = PBXFileReference; fileEncoding = 4; lastKnownFileType = text.json; path = animals.json; sourceTree = "<group>"; };
		C6DAF7712541BFA300E95827 /* videos.json */ = {isa = PBXFileReference; fileEncoding = 4; lastKnownFileType = text.json; path = videos.json; sourceTree = "<group>"; };
		C6DAF7792541C29D00E95827 /* VideoListView.swift */ = {isa = PBXFileReference; lastKnownFileType = sourcecode.swift; path = VideoListView.swift; sourceTree = "<group>"; };
		C6DAF77C2541C2DC00E95827 /* MapView.swift */ = {isa = PBXFileReference; lastKnownFileType = sourcecode.swift; path = MapView.swift; sourceTree = "<group>"; };
		C6DAF77F2541C30600E95827 /* GalleryView.swift */ = {isa = PBXFileReference; lastKnownFileType = sourcecode.swift; path = GalleryView.swift; sourceTree = "<group>"; };
		C6DAF7822541C38100E95827 /* MainView.swift */ = {isa = PBXFileReference; lastKnownFileType = sourcecode.swift; path = MainView.swift; sourceTree = "<group>"; };
/* End PBXFileReference section */

/* Begin PBXFrameworksBuildPhase section */
		C6DAF7402541BC1E00E95827 /* Frameworks */ = {
			isa = PBXFrameworksBuildPhase;
			buildActionMask = 2147483647;
			files = (
			);
			runOnlyForDeploymentPostprocessing = 0;
		};
/* End PBXFrameworksBuildPhase section */

/* Begin PBXGroup section */
		C6A0E4A125429829004BBD0B /* Model */ = {
			isa = PBXGroup;
			children = (
				C6A0E4A225429856004BBD0B /* CoverImageModel.swift */,
				C698D97F2543B2ED006F881E /* AnimalModel.swift */,
				C698D9942544F254006F881E /* VideoModel.swift */,
				C6D5287725470A1400A3A1E3 /* LocationModel.swift */,
			);
			path = Model;
			sourceTree = "<group>";
		};
		C6A0E4A625430807004BBD0B /* Extension */ = {
			isa = PBXGroup;
			children = (
				C6A0E4A725430836004BBD0B /* CodableBundleExtension.swift */,
			);
			path = Extension;
			sourceTree = "<group>";
		};
		C6AF1B22254293F8009440FF /* View */ = {
			isa = PBXGroup;
			children = (
				C6AF1B2325429407009440FF /* CoverImageView.swift */,
				C6A95D6D25430FCA00C4EBB7 /* AnimalListItemView.swift */,
				C698D9822543B8D8006F881E /* AnimalDetailView.swift */,
				C698D9852543EA09006F881E /* HeadingView.swift */,
				C698D9882543EC67006F881E /* InsetGalleryView.swift */,
				C698D98B25445926006F881E /* InsetFactView.swift */,
				C698D98E25445CC1006F881E /* InsertMapView.swift */,
				C698D991254460C2006F881E /* ExternalLinkView.swift */,
				C698D9972544F2C7006F881E /* VideoListItemView.swift */,
				C6D7F9E42545B06300C7E8E2 /* VideoPlayerView.swift */,
			);
			path = View;
			sourceTree = "<group>";
		};
		C6D7F9E72545B27F00C7E8E2 /* Helper */ = {
			isa = PBXGroup;
			children = (
				C6D7F9E82545B2A700C7E8E2 /* VideoPlayerHelper.swift */,
			);
			path = Helper;
			sourceTree = "<group>";
		};
		C6DAF73A2541BC1E00E95827 = {
			isa = PBXGroup;
			children = (
				C6DAF7452541BC1F00E95827 /* Africa */,
				C6DAF7442541BC1F00E95827 /* Products */,
			);
			sourceTree = "<group>";
		};
		C6DAF7442541BC1F00E95827 /* Products */ = {
			isa = PBXGroup;
			children = (
				C6DAF7432541BC1F00E95827 /* Africa.app */,
			);
			name = Products;
			sourceTree = "<group>";
		};
		C6DAF7452541BC1F00E95827 /* Africa */ = {
			isa = PBXGroup;
			children = (
				C6D7F9E72545B27F00C7E8E2 /* Helper */,
				C6A0E4A625430807004BBD0B /* Extension */,
				C6A0E4A125429829004BBD0B /* Model */,
				C6AF1B22254293F8009440FF /* View */,
				C6DAF76D2541BF6100E95827 /* Screens */,
				C6DAF76C2541BF5900E95827 /* Data */,
				C6DAF7562541BEC300E95827 /* Video */,
				C6DAF7772541C1EE00E95827 /* App */,
				C6DAF74A2541BC2100E95827 /* Assets.xcassets */,
				C6DAF74F2541BC2100E95827 /* Info.plist */,
				C6DAF74C2541BC2100E95827 /* Preview Content */,
			);
			path = Africa;
			sourceTree = "<group>";
		};
		C6DAF74C2541BC2100E95827 /* Preview Content */ = {
			isa = PBXGroup;
			children = (
				C6DAF74D2541BC2100E95827 /* Preview Assets.xcassets */,
			);
			path = "Preview Content";
			sourceTree = "<group>";
		};
		C6DAF7562541BEC300E95827 /* Video */ = {
			isa = PBXGroup;
			children = (
				C6DAF7582541BF2A00E95827 /* cheetah.mp4 */,
				C6DAF75A2541BF2B00E95827 /* elephant.mp4 */,
				C6DAF7592541BF2B00E95827 /* giraffe.mp4 */,
				C6DAF75D2541BF2D00E95827 /* gorilla.mp4 */,
				C6DAF7572541BF2A00E95827 /* hippo.mp4 */,
				C6DAF75E2541BF2D00E95827 /* lion.mp4 */,
				C6DAF75B2541BF2C00E95827 /* lioness.mp4 */,
				C6DAF75C2541BF2D00E95827 /* ostrich.mp4 */,
				C6DAF75F2541BF2E00E95827 /* rhino.mp4 */,
				C6DAF7602541BF2E00E95827 /* zebra.mp4 */,
			);
			path = Video;
			sourceTree = "<group>";
		};
		C6DAF76C2541BF5900E95827 /* Data */ = {
			isa = PBXGroup;
			children = (
				C6DAF7702541BFA300E95827 /* animals.json */,
				C6DAF76F2541BFA300E95827 /* covers.json */,
				C6DAF76E2541BFA300E95827 /* locations.json */,
				C6DAF7712541BFA300E95827 /* videos.json */,
			);
			path = Data;
			sourceTree = "<group>";
		};
		C6DAF76D2541BF6100E95827 /* Screens */ = {
			isa = PBXGroup;
			children = (
			);
			path = Screens;
			sourceTree = "<group>";
		};
		C6DAF7772541C1EE00E95827 /* App */ = {
			isa = PBXGroup;
			children = (
				C6DAF7462541BC1F00E95827 /* AfricaApp.swift */,
				C6DAF7482541BC1F00E95827 /* ContentView.swift */,
				C6DAF7792541C29D00E95827 /* VideoListView.swift */,
				C6DAF77C2541C2DC00E95827 /* MapView.swift */,
				C6DAF77F2541C30600E95827 /* GalleryView.swift */,
				C6DAF7822541C38100E95827 /* MainView.swift */,
			);
			path = App;
			sourceTree = "<group>";
		};
/* End PBXGroup section */

/* Begin PBXNativeTarget section */
		C6DAF7422541BC1E00E95827 /* Africa */ = {
			isa = PBXNativeTarget;
			buildConfigurationList = C6DAF7522541BC2200E95827 /* Build configuration list for PBXNativeTarget "Africa" */;
			buildPhases = (
				C6DAF73F2541BC1E00E95827 /* Sources */,
				C6DAF7402541BC1E00E95827 /* Frameworks */,
				C6DAF7412541BC1E00E95827 /* Resources */,
			);
			buildRules = (
			);
			dependencies = (
			);
			name = Africa;
			productName = Africa;
			productReference = C6DAF7432541BC1F00E95827 /* Africa.app */;
			productType = "com.apple.product-type.application";
		};
/* End PBXNativeTarget section */

/* Begin PBXProject section */
		C6DAF73B2541BC1E00E95827 /* Project object */ = {
			isa = PBXProject;
			attributes = {
				LastSwiftUpdateCheck = 1200;
				LastUpgradeCheck = 1200;
				TargetAttributes = {
					C6DAF7422541BC1E00E95827 = {
						CreatedOnToolsVersion = 12.0.1;
					};
				};
			};
			buildConfigurationList = C6DAF73E2541BC1E00E95827 /* Build configuration list for PBXProject "Africa" */;
			compatibilityVersion = "Xcode 9.3";
			developmentRegion = en;
			hasScannedForEncodings = 0;
			knownRegions = (
				en,
				Base,
			);
			mainGroup = C6DAF73A2541BC1E00E95827;
			productRefGroup = C6DAF7442541BC1F00E95827 /* Products */;
			projectDirPath = "";
			projectRoot = "";
			targets = (
				C6DAF7422541BC1E00E95827 /* Africa */,
			);
		};
/* End PBXProject section */

/* Begin PBXResourcesBuildPhase section */
		C6DAF7412541BC1E00E95827 /* Resources */ = {
			isa = PBXResourcesBuildPhase;
			buildActionMask = 2147483647;
			files = (
				C6DAF7742541BFA300E95827 /* animals.json in Resources */,
				C6DAF7722541BFA300E95827 /* locations.json in Resources */,
				C6DAF7622541BF2E00E95827 /* cheetah.mp4 in Resources */,
				C6DAF7672541BF2E00E95827 /* gorilla.mp4 in Resources */,
				C6DAF74E2541BC2100E95827 /* Preview Assets.xcassets in Resources */,
				C6DAF7682541BF2E00E95827 /* lion.mp4 in Resources */,
				C6DAF76A2541BF2E00E95827 /* zebra.mp4 in Resources */,
				C6DAF7642541BF2E00E95827 /* elephant.mp4 in Resources */,
				C6DAF7732541BFA300E95827 /* covers.json in Resources */,
				C6DAF7612541BF2E00E95827 /* hippo.mp4 in Resources */,
				C6DAF74B2541BC2100E95827 /* Assets.xcassets in Resources */,
				C6DAF7652541BF2E00E95827 /* lioness.mp4 in Resources */,
				C6DAF7662541BF2E00E95827 /* ostrich.mp4 in Resources */,
				C6DAF7752541BFA300E95827 /* videos.json in Resources */,
				C6DAF7692541BF2E00E95827 /* rhino.mp4 in Resources */,
				C6DAF7632541BF2E00E95827 /* giraffe.mp4 in Resources */,
			);
			runOnlyForDeploymentPostprocessing = 0;
		};
/* End PBXResourcesBuildPhase section */

/* Begin PBXSourcesBuildPhase section */
		C6DAF73F2541BC1E00E95827 /* Sources */ = {
			isa = PBXSourcesBuildPhase;
			buildActionMask = 2147483647;
			files = (
				C6D5287825470A1400A3A1E3 /* LocationModel.swift in Sources */,
				C6DAF7492541BC1F00E95827 /* ContentView.swift in Sources */,
				C6A95D6E25430FCA00C4EBB7 /* AnimalListItemView.swift in Sources */,
				C6DAF7832541C38100E95827 /* MainView.swift in Sources */,
				C698D98C25445926006F881E /* InsetFactView.swift in Sources */,
				C6AF1B2425429407009440FF /* CoverImageView.swift in Sources */,
				C6A0E4A325429856004BBD0B /* CoverImageModel.swift in Sources */,
				C698D9832543B8D8006F881E /* AnimalDetailView.swift in Sources */,
				C698D9802543B2ED006F881E /* AnimalModel.swift in Sources */,
				C698D992254460C2006F881E /* ExternalLinkView.swift in Sources */,
				C6DAF77D2541C2DC00E95827 /* MapView.swift in Sources */,
				C6D7F9E92545B2A700C7E8E2 /* VideoPlayerHelper.swift in Sources */,
				C6DAF7472541BC1F00E95827 /* AfricaApp.swift in Sources */,
				C6DAF77A2541C29D00E95827 /* VideoListView.swift in Sources */,
				C6DAF7802541C30600E95827 /* GalleryView.swift in Sources */,
				C698D9952544F254006F881E /* VideoModel.swift in Sources */,
				C698D98F25445CC1006F881E /* InsertMapView.swift in Sources */,
				C698D9892543EC67006F881E /* InsetGalleryView.swift in Sources */,
				C698D9982544F2C7006F881E /* VideoListItemView.swift in Sources */,
				C6A0E4A825430836004BBD0B /* CodableBundleExtension.swift in Sources */,
				C698D9862543EA09006F881E /* HeadingView.swift in Sources */,
				C6D7F9E52545B06300C7E8E2 /* VideoPlayerView.swift in Sources */,
			);
			runOnlyForDeploymentPostprocessing = 0;
		};
/* End PBXSourcesBuildPhase section */

/* Begin XCBuildConfiguration section */
		C6DAF7502541BC2100E95827 /* Debug */ = {
			isa = XCBuildConfiguration;
			buildSettings = {
				ALWAYS_SEARCH_USER_PATHS = NO;
				CLANG_ANALYZER_NONNULL = YES;
				CLANG_ANALYZER_NUMBER_OBJECT_CONVERSION = YES_AGGRESSIVE;
				CLANG_CXX_LANGUAGE_STANDARD = "gnu++14";
				CLANG_CXX_LIBRARY = "libc++";
				CLANG_ENABLE_MODULES = YES;
				CLANG_ENABLE_OBJC_ARC = YES;
				CLANG_ENABLE_OBJC_WEAK = YES;
				CLANG_WARN_BLOCK_CAPTURE_AUTORELEASING = YES;
				CLANG_WARN_BOOL_CONVERSION = YES;
				CLANG_WARN_COMMA = YES;
				CLANG_WARN_CONSTANT_CONVERSION = YES;
				CLANG_WARN_DEPRECATED_OBJC_IMPLEMENTATIONS = YES;
				CLANG_WARN_DIRECT_OBJC_ISA_USAGE = YES_ERROR;
				CLANG_WARN_DOCUMENTATION_COMMENTS = YES;
				CLANG_WARN_EMPTY_BODY = YES;
				CLANG_WARN_ENUM_CONVERSION = YES;
				CLANG_WARN_INFINITE_RECURSION = YES;
				CLANG_WARN_INT_CONVERSION = YES;
				CLANG_WARN_NON_LITERAL_NULL_CONVERSION = YES;
				CLANG_WARN_OBJC_IMPLICIT_RETAIN_SELF = YES;
				CLANG_WARN_OBJC_LITERAL_CONVERSION = YES;
				CLANG_WARN_OBJC_ROOT_CLASS = YES_ERROR;
				CLANG_WARN_QUOTED_INCLUDE_IN_FRAMEWORK_HEADER = YES;
				CLANG_WARN_RANGE_LOOP_ANALYSIS = YES;
				CLANG_WARN_STRICT_PROTOTYPES = YES;
				CLANG_WARN_SUSPICIOUS_MOVE = YES;
				CLANG_WARN_UNGUARDED_AVAILABILITY = YES_AGGRESSIVE;
				CLANG_WARN_UNREACHABLE_CODE = YES;
				CLANG_WARN__DUPLICATE_METHOD_MATCH = YES;
				COPY_PHASE_STRIP = NO;
				DEBUG_INFORMATION_FORMAT = dwarf;
				ENABLE_STRICT_OBJC_MSGSEND = YES;
				ENABLE_TESTABILITY = YES;
				GCC_C_LANGUAGE_STANDARD = gnu11;
				GCC_DYNAMIC_NO_PIC = NO;
				GCC_NO_COMMON_BLOCKS = YES;
				GCC_OPTIMIZATION_LEVEL = 0;
				GCC_PREPROCESSOR_DEFINITIONS = (
					"DEBUG=1",
					"$(inherited)",
				);
				GCC_WARN_64_TO_32_BIT_CONVERSION = YES;
				GCC_WARN_ABOUT_RETURN_TYPE = YES_ERROR;
				GCC_WARN_UNDECLARED_SELECTOR = YES;
				GCC_WARN_UNINITIALIZED_AUTOS = YES_AGGRESSIVE;
				GCC_WARN_UNUSED_FUNCTION = YES;
				GCC_WARN_UNUSED_VARIABLE = YES;
				IPHONEOS_DEPLOYMENT_TARGET = 14.0;
				MTL_ENABLE_DEBUG_INFO = INCLUDE_SOURCE;
				MTL_FAST_MATH = YES;
				ONLY_ACTIVE_ARCH = YES;
				SDKROOT = iphoneos;
				SWIFT_ACTIVE_COMPILATION_CONDITIONS = DEBUG;
				SWIFT_OPTIMIZATION_LEVEL = "-Onone";
			};
			name = Debug;
		};
		C6DAF7512541BC2100E95827 /* Release */ = {
			isa = XCBuildConfiguration;
			buildSettings = {
				ALWAYS_SEARCH_USER_PATHS = NO;
				CLANG_ANALYZER_NONNULL = YES;
				CLANG_ANALYZER_NUMBER_OBJECT_CONVERSION = YES_AGGRESSIVE;
				CLANG_CXX_LANGUAGE_STANDARD = "gnu++14";
				CLANG_CXX_LIBRARY = "libc++";
				CLANG_ENABLE_MODULES = YES;
				CLANG_ENABLE_OBJC_ARC = YES;
				CLANG_ENABLE_OBJC_WEAK = YES;
				CLANG_WARN_BLOCK_CAPTURE_AUTORELEASING = YES;
				CLANG_WARN_BOOL_CONVERSION = YES;
				CLANG_WARN_COMMA = YES;
				CLANG_WARN_CONSTANT_CONVERSION = YES;
				CLANG_WARN_DEPRECATED_OBJC_IMPLEMENTATIONS = YES;
				CLANG_WARN_DIRECT_OBJC_ISA_USAGE = YES_ERROR;
				CLANG_WARN_DOCUMENTATION_COMMENTS = YES;
				CLANG_WARN_EMPTY_BODY = YES;
				CLANG_WARN_ENUM_CONVERSION = YES;
				CLANG_WARN_INFINITE_RECURSION = YES;
				CLANG_WARN_INT_CONVERSION = YES;
				CLANG_WARN_NON_LITERAL_NULL_CONVERSION = YES;
				CLANG_WARN_OBJC_IMPLICIT_RETAIN_SELF = YES;
				CLANG_WARN_OBJC_LITERAL_CONVERSION = YES;
				CLANG_WARN_OBJC_ROOT_CLASS = YES_ERROR;
				CLANG_WARN_QUOTED_INCLUDE_IN_FRAMEWORK_HEADER = YES;
				CLANG_WARN_RANGE_LOOP_ANALYSIS = YES;
				CLANG_WARN_STRICT_PROTOTYPES = YES;
				CLANG_WARN_SUSPICIOUS_MOVE = YES;
				CLANG_WARN_UNGUARDED_AVAILABILITY = YES_AGGRESSIVE;
				CLANG_WARN_UNREACHABLE_CODE = YES;
				CLANG_WARN__DUPLICATE_METHOD_MATCH = YES;
				COPY_PHASE_STRIP = NO;
				DEBUG_INFORMATION_FORMAT = "dwarf-with-dsym";
				ENABLE_NS_ASSERTIONS = NO;
				ENABLE_STRICT_OBJC_MSGSEND = YES;
				GCC_C_LANGUAGE_STANDARD = gnu11;
				GCC_NO_COMMON_BLOCKS = YES;
				GCC_WARN_64_TO_32_BIT_CONVERSION = YES;
				GCC_WARN_ABOUT_RETURN_TYPE = YES_ERROR;
				GCC_WARN_UNDECLARED_SELECTOR = YES;
				GCC_WARN_UNINITIALIZED_AUTOS = YES_AGGRESSIVE;
				GCC_WARN_UNUSED_FUNCTION = YES;
				GCC_WARN_UNUSED_VARIABLE = YES;
				IPHONEOS_DEPLOYMENT_TARGET = 14.0;
				MTL_ENABLE_DEBUG_INFO = NO;
				MTL_FAST_MATH = YES;
				SDKROOT = iphoneos;
				SWIFT_COMPILATION_MODE = wholemodule;
				SWIFT_OPTIMIZATION_LEVEL = "-O";
				VALIDATE_PRODUCT = YES;
			};
			name = Release;
		};
		C6DAF7532541BC2200E95827 /* Debug */ = {
			isa = XCBuildConfiguration;
			buildSettings = {
				ASSETCATALOG_COMPILER_APPICON_NAME = AppIcon;
				ASSETCATALOG_COMPILER_GLOBAL_ACCENT_COLOR_NAME = AccentColor;
				CODE_SIGN_STYLE = Automatic;
				DEVELOPMENT_ASSET_PATHS = "\"Africa/Preview Content\"";
				DEVELOPMENT_TEAM = T2Q4YR3P44;
				ENABLE_PREVIEWS = YES;
				INFOPLIST_FILE = Africa/Info.plist;
				IPHONEOS_DEPLOYMENT_TARGET = 14.0;
				LD_RUNPATH_SEARCH_PATHS = (
					"$(inherited)",
					"@executable_path/Frameworks",
				);
				PRODUCT_BUNDLE_IDENTIFIER = mx.datafox.Africa;
				PRODUCT_NAME = "$(TARGET_NAME)";
				SWIFT_VERSION = 5.0;
				TARGETED_DEVICE_FAMILY = "1,2";
			};
			name = Debug;
		};
		C6DAF7542541BC2200E95827 /* Release */ = {
			isa = XCBuildConfiguration;
			buildSettings = {
				ASSETCATALOG_COMPILER_APPICON_NAME = AppIcon;
				ASSETCATALOG_COMPILER_GLOBAL_ACCENT_COLOR_NAME = AccentColor;
				CODE_SIGN_STYLE = Automatic;
				DEVELOPMENT_ASSET_PATHS = "\"Africa/Preview Content\"";
				DEVELOPMENT_TEAM = T2Q4YR3P44;
				ENABLE_PREVIEWS = YES;
				INFOPLIST_FILE = Africa/Info.plist;
				IPHONEOS_DEPLOYMENT_TARGET = 14.0;
				LD_RUNPATH_SEARCH_PATHS = (
					"$(inherited)",
					"@executable_path/Frameworks",
				);
				PRODUCT_BUNDLE_IDENTIFIER = mx.datafox.Africa;
				PRODUCT_NAME = "$(TARGET_NAME)";
				SWIFT_VERSION = 5.0;
				TARGETED_DEVICE_FAMILY = "1,2";
			};
			name = Release;
		};
/* End XCBuildConfiguration section */

/* Begin XCConfigurationList section */
		C6DAF73E2541BC1E00E95827 /* Build configuration list for PBXProject "Africa" */ = {
			isa = XCConfigurationList;
			buildConfigurations = (
				C6DAF7502541BC2100E95827 /* Debug */,
				C6DAF7512541BC2100E95827 /* Release */,
			);
			defaultConfigurationIsVisible = 0;
			defaultConfigurationName = Release;
		};
		C6DAF7522541BC2200E95827 /* Build configuration list for PBXNativeTarget "Africa" */ = {
			isa = XCConfigurationList;
			buildConfigurations = (
				C6DAF7532541BC2200E95827 /* Debug */,
				C6DAF7542541BC2200E95827 /* Release */,
			);
			defaultConfigurationIsVisible = 0;
			defaultConfigurationName = Release;
		};
/* End XCConfigurationList section */
	};
	rootObject = C6DAF73B2541BC1E00E95827 /* Project object */;
}
